{
  "name": "nestjs-cli-plus",
  "version": "1.0.0",
  "lockfileVersion": 1,
  "requires": true,
  "dependencies": {
    "@types/commander": {
      "version": "2.12.2",
      "resolved": "https://registry.nlark.com/@types/commander/download/@types/commander-2.12.2.tgz",
      "integrity": "sha1-GDBBojhC1CgUePpdI8XKeOb9CK4=",
      "requires": {
        "commander": "*"
      }
    },
    "@types/dotenv": {
      "version": "8.2.0",
      "resolved": "https://registry.nlark.com/@types/dotenv/download/@types/dotenv-8.2.0.tgz",
      "integrity": "sha1-XNZHEMPJjoLZ0VhEN1ozvxtF0FM=",
      "dev": true,
      "requires": {
        "dotenv": "*"
      }
    },
    "@types/ejs": {
      "version": "3.1.0",
      "resolved": "https://registry.nlark.com/@types/ejs/download/@types/ejs-3.1.0.tgz?cache=0&sync_timestamp=1629707622298&other_urls=https%3A%2F%2Fregistry.nlark.com%2F%40types%2Fejs%2Fdownload%2F%40types%2Fejs-3.1.0.tgz",
      "integrity": "sha1-q4EJIIEGtedk5abJKyuhxiW3MCA=",
      "dev": true
    },
    "@types/fs-extra": {
      "version": "9.0.12",
      "resolved": "https://registry.nlark.com/@types/fs-extra/download/@types/fs-extra-9.0.12.tgz?cache=0&sync_timestamp=1629708004729&other_urls=https%3A%2F%2Fregistry.nlark.com%2F%40types%2Ffs-extra%2Fdownload%2F%40types%2Ffs-extra-9.0.12.tgz",
      "integrity": "sha1-m48nlz34p6OSDoRhUX6/in1P368=",
      "dev": true,
      "requires": {
        "@types/node": "*"
      }
    },
    "@types/node": {
      "version": "16.7.8",
      "resolved": "https://registry.nlark.com/@types/node/download/@types/node-16.7.8.tgz?cache=0&sync_timestamp=1630352045402&other_urls=https%3A%2F%2Fregistry.nlark.com%2F%40types%2Fnode%2Fdownload%2F%40types%2Fnode-16.7.8.tgz",
      "integrity": "sha1-JEi+XyT+a3cRRjK2NQ/NIZM0ZR4=",
      "dev": true
    },
    "@types/yaml": {
      "version": "1.9.7",
      "resolved": "https://registry.nlark.com/@types/yaml/download/@types/yaml-1.9.7.tgz",
      "integrity": "sha1-IzHzbgqskTEaY9M+sCbCFodylnk=",
      "requires": {
        "yaml": "*"
      }
    },
    "ali-rds": {
      "version": "3.4.0",
      "resolved": "https://registry.npm.taobao.org/ali-rds/download/ali-rds-3.4.0.tgz",
      "integrity": "sha1-6rpDN4DaMtaAT9mle917Yv2J/iU=",
      "requires": {
        "co-wrap-all": "^1.0.0",
        "debug": "^2.2.0",
        "mysql": "^2.13.0",
        "pify": "^2.3.0"
      }
    },
    "ali-rds-async": {
      "version": "0.0.2",
      "resolved": "https://registry.nlark.com/ali-rds-async/download/ali-rds-async-0.0.2.tgz",
      "integrity": "sha1-wGN8ZknKzocvJ8Io14m0vPZOpX8=",
      "requires": {
        "ali-rds": "^3.3.0",
        "co": "^4.6.0"
      }
    },
    "ansi-styles": {
      "version": "3.2.1",
      "resolved": "https://registry.nlark.com/ansi-styles/download/ansi-styles-3.2.1.tgz?cache=0&sync_timestamp=1618995651629&other_urls=https%3A%2F%2Fregistry.nlark.com%2Fansi-styles%2Fdownload%2Fansi-styles-3.2.1.tgz",
      "integrity": "sha1-QfuyAkPlCxK+DwS43tvwdSDOhB0=",
      "requires": {
        "color-convert": "^1.9.0"
      }
    },
    "async": {
      "version": "0.9.2",
      "resolved": "https://registry.nlark.com/async/download/async-0.9.2.tgz",
      "integrity": "sha1-rqdNXmHB+JlhO/ZL2mbUx48v0X0="
    },
    "balanced-match": {
      "version": "1.0.2",
      "resolved": "https://registry.npm.taobao.org/balanced-match/download/balanced-match-1.0.2.tgz?cache=0&sync_timestamp=1617714233441&other_urls=https%3A%2F%2Fregistry.npm.taobao.org%2Fbalanced-match%2Fdownload%2Fbalanced-match-1.0.2.tgz",
      "integrity": "sha1-6D46fj8wCzTLnYf2FfoMvzV2kO4="
    },
    "bignumber.js": {
      "version": "9.0.0",
      "resolved": "https://registry.npm.taobao.org/bignumber.js/download/bignumber.js-9.0.0.tgz",
      "integrity": "sha1-gFiA+Eoym16sbny2+CdLbYK98HU="
    },
    "brace-expansion": {
      "version": "1.1.11",
      "resolved": "https://registry.npm.taobao.org/brace-expansion/download/brace-expansion-1.1.11.tgz?cache=0&sync_timestamp=1614010785257&other_urls=https%3A%2F%2Fregistry.npm.taobao.org%2Fbrace-expansion%2Fdownload%2Fbrace-expansion-1.1.11.tgz",
      "integrity": "sha1-PH/L9SnYcibz0vUrlm/1Jx60Qd0=",
      "requires": {
        "balanced-match": "^1.0.0",
        "concat-map": "0.0.1"
      }
    },
    "chalk": {
      "version": "2.4.2",
      "resolved": "https://registry.nlark.com/chalk/download/chalk-2.4.2.tgz?cache=0&sync_timestamp=1627646697260&other_urls=https%3A%2F%2Fregistry.nlark.com%2Fchalk%2Fdownload%2Fchalk-2.4.2.tgz",
      "integrity": "sha1-zUJUFnelQzPPVBpJEIwUMrRMlCQ=",
      "requires": {
        "ansi-styles": "^3.2.1",
        "escape-string-regexp": "^1.0.5",
        "supports-color": "^5.3.0"
      }
    },
    "co": {
      "version": "4.6.0",
      "resolved": "https://registry.nlark.com/co/download/co-4.6.0.tgz?cache=0&sync_timestamp=1618847008095&other_urls=https%3A%2F%2Fregistry.nlark.com%2Fco%2Fdownload%2Fco-4.6.0.tgz",
      "integrity": "sha1-bqa989hTrlTMuOR7+gvz+QMfsYQ="
    },
    "co-wrap-all": {
      "version": "1.0.0",
      "resolved": "https://registry.npm.taobao.org/co-wrap-all/download/co-wrap-all-1.0.0.tgz",
      "integrity": "sha1-Nwrj6DM1EKU/ay9/375FaKEbfs8=",
      "requires": {
        "co": "^4.0.0"
      }
    },
    "color-convert": {
      "version": "1.9.3",
      "resolved": "https://registry.npm.taobao.org/color-convert/download/color-convert-1.9.3.tgz",
      "integrity": "sha1-u3GFBpDh8TZWfeYp0tVHHe2kweg=",
      "requires": {
        "color-name": "1.1.3"
      }
    },
    "color-name": {
      "version": "1.1.3",
      "resolved": "https://registry.nlark.com/color-name/download/color-name-1.1.3.tgz",
      "integrity": "sha1-p9BVi9icQveV3UIyj3QIMcpTvCU="
    },
    "commander": {
      "version": "8.1.0",
      "resolved": "https://registry.nlark.com/commander/download/commander-8.1.0.tgz?cache=0&sync_timestamp=1627358314526&other_urls=https%3A%2F%2Fregistry.nlark.com%2Fcommander%2Fdownload%2Fcommander-8.1.0.tgz",
      "integrity": "sha1-2zbj5m7fJP9ZHWOYYsarLFJmQ2I="
    },
    "concat-map": {
      "version": "0.0.1",
      "resolved": "https://registry.nlark.com/concat-map/download/concat-map-0.0.1.tgz",
      "integrity": "sha1-2Klr13/Wjfd5OnMDajug1UBdR3s="
    },
    "core-util-is": {
      "version": "1.0.2",
      "resolved": "https://registry.npm.taobao.org/core-util-is/download/core-util-is-1.0.2.tgz",
      "integrity": "sha1-tf1UIgqivFq1eqtxQMlAdUUDwac="
    },
    "debug": {
      "version": "2.6.9",
      "resolved": "https://registry.nlark.com/debug/download/debug-2.6.9.tgz",
      "integrity": "sha1-XRKFFd8TT/Mn6QpMk/Tgd6U2NB8=",
      "requires": {
        "ms": "2.0.0"
      }
    },
    "dotenv": {
      "version": "10.0.0",
      "resolved": "https://registry.nlark.com/dotenv/download/dotenv-10.0.0.tgz",
      "integrity": "sha1-PUInuPuV+BCWzdK2ZlP7LHCFuoE="
    },
    "ejs": {
      "version": "3.1.6",
      "resolved": "https://registry.npm.taobao.org/ejs/download/ejs-3.1.6.tgz",
      "integrity": "sha1-W/0KBol0O7UmizVQzO7rvBcCgio=",
      "requires": {
        "jake": "^10.6.1"
      }
    },
    "escape-string-regexp": {
      "version": "1.0.5",
      "resolved": "https://registry.npm.taobao.org/escape-string-regexp/download/escape-string-regexp-1.0.5.tgz?cache=0&sync_timestamp=1618677309735&other_urls=https%3A%2F%2Fregistry.npm.taobao.org%2Fescape-string-regexp%2Fdownload%2Fescape-string-regexp-1.0.5.tgz",
      "integrity": "sha1-G2HAViGQqN/2rjuyzwIAyhMLhtQ="
    },
    "filelist": {
      "version": "1.0.2",
      "resolved": "https://registry.npm.taobao.org/filelist/download/filelist-1.0.2.tgz",
      "integrity": "sha1-gCAvIUYtTRwuIUEZsYB8G8A4Dls=",
      "requires": {
        "minimatch": "^3.0.4"
      }
    },
    "fs-extra": {
      "version": "10.0.0",
      "resolved": "https://registry.nlark.com/fs-extra/download/fs-extra-10.0.0.tgz",
      "integrity": "sha1-n/YbZV3eU/s0qC34S7IUzoAuF8E=",
      "requires": {
        "graceful-fs": "^4.2.0",
        "jsonfile": "^6.0.1",
        "universalify": "^2.0.0"
      }
    },
    "graceful-fs": {
      "version": "4.2.8",
      "resolved": "https://registry.nlark.com/graceful-fs/download/graceful-fs-4.2.8.tgz?cache=0&sync_timestamp=1628194007768&other_urls=https%3A%2F%2Fregistry.nlark.com%2Fgraceful-fs%2Fdownload%2Fgraceful-fs-4.2.8.tgz",
      "integrity": "sha1-5BK40z9eAGWTy9PO5t+fLOu+gCo="
    },
    "has-flag": {
      "version": "3.0.0",
      "resolved": "https://registry.nlark.com/has-flag/download/has-flag-3.0.0.tgz?cache=0&sync_timestamp=1626715907927&other_urls=https%3A%2F%2Fregistry.nlark.com%2Fhas-flag%2Fdownload%2Fhas-flag-3.0.0.tgz",
      "integrity": "sha1-tdRU3CGZriJWmfNGfloH87lVuv0="
    },
    "inherits": {
      "version": "2.0.4",
      "resolved": "https://registry.npm.taobao.org/inherits/download/inherits-2.0.4.tgz",
      "integrity": "sha1-D6LGT5MpF8NDOg3tVTY6rjdBa3w="
    },
    "isarray": {
      "version": "1.0.0",
      "resolved": "https://registry.npm.taobao.org/isarray/download/isarray-1.0.0.tgz",
      "integrity": "sha1-u5NdSFgsuhaMBoNJV6VKPgcSTxE="
    },
    "jake": {
      "version": "10.8.2",
      "resolved": "https://registry.npm.taobao.org/jake/download/jake-10.8.2.tgz",
      "integrity": "sha1-68nehVgWCmbYLQ6txqLlj7xQCns=",
      "requires": {
        "async": "0.9.x",
        "chalk": "^2.4.2",
        "filelist": "^1.0.1",
        "minimatch": "^3.0.4"
      }
    },
    "jsonfile": {
      "version": "6.1.0",
      "resolved": "https://registry.nlark.com/jsonfile/download/jsonfile-6.1.0.tgz",
      "integrity": "sha1-vFWyY0eTxnnsZAMJTrE2mKbsCq4=",
      "requires": {
        "graceful-fs": "^4.1.6",
        "universalify": "^2.0.0"
      }
    },
    "minimatch": {
      "version": "3.0.4",
      "resolved": "https://registry.npm.taobao.org/minimatch/download/minimatch-3.0.4.tgz",
      "integrity": "sha1-UWbihkV/AzBgZL5Ul+jbsMPTIIM=",
      "requires": {
        "brace-expansion": "^1.1.7"
      }
    },
    "ms": {
      "version": "2.0.0",
      "resolved": "https://registry.nlark.com/ms/download/ms-2.0.0.tgz",
      "integrity": "sha1-VgiurfwAvmwpAd9fmGF4jeDVl8g="
    },
    "mysql": {
      "version": "2.18.1",
      "resolved": "https://registry.npm.taobao.org/mysql/download/mysql-2.18.1.tgz",
      "integrity": "sha1-IlQUOFXFqMc4JeRSK68uoCF2Zxc=",
      "requires": {
        "bignumber.js": "9.0.0",
        "readable-stream": "2.3.7",
        "safe-buffer": "5.1.2",
        "sqlstring": "2.3.1"
      }
    },
    "pify": {
      "version": "2.3.0",
      "resolved": "https://registry.npm.taobao.org/pify/download/pify-2.3.0.tgz",
      "integrity": "sha1-7RQaasBDqEnqWISY59yosVMw6Qw="
    },
    "process-nextick-args": {
      "version": "2.0.1",
      "resolved": "https://registry.npm.taobao.org/process-nextick-args/download/process-nextick-args-2.0.1.tgz",
      "integrity": "sha1-eCDZsWEgzFXKmud5JoCufbptf+I="
    },
    "readable-stream": {
      "version": "2.3.7",
      "resolved": "https://registry.nlark.com/readable-stream/download/readable-stream-2.3.7.tgz",
      "integrity": "sha1-Hsoc9xGu+BTAT2IlKjamL2yyO1c=",
      "requires": {
        "core-util-is": "~1.0.0",
        "inherits": "~2.0.3",
        "isarray": "~1.0.0",
        "process-nextick-args": "~2.0.0",
        "safe-buffer": "~5.1.1",
        "string_decoder": "~1.1.1",
        "util-deprecate": "~1.0.1"
      }
    },
    "safe-buffer": {
      "version": "5.1.2",
      "resolved": "https://registry.npm.taobao.org/safe-buffer/download/safe-buffer-5.1.2.tgz",
      "integrity": "sha1-mR7GnSluAxN0fVm9/St0XDX4go0="
    },
    "sqlstring": {
      "version": "2.3.1",
      "resolved": "https://registry.npm.taobao.org/sqlstring/download/sqlstring-2.3.1.tgz",
      "integrity": "sha1-R1OT/56RR5rqYtyvDKPRSYOn+0A="
    },
    "string_decoder": {
      "version": "1.1.1",
      "resolved": "https://registry.nlark.com/string_decoder/download/string_decoder-1.1.1.tgz",
      "integrity": "sha1-nPFhG6YmhdcDCunkujQUnDrwP8g=",
      "requires": {
        "safe-buffer": "~5.1.0"
      }
    },
    "supports-color": {
      "version": "5.5.0",
      "resolved": "https://registry.nlark.com/supports-color/download/supports-color-5.5.0.tgz?cache=0&sync_timestamp=1626703400240&other_urls=https%3A%2F%2Fregistry.nlark.com%2Fsupports-color%2Fdownload%2Fsupports-color-5.5.0.tgz",
      "integrity": "sha1-4uaaRKyHcveKHsCzW2id9lMO/I8=",
      "requires": {
        "has-flag": "^3.0.0"
      }
    },
    "universalify": {
      "version": "2.0.0",
      "resolved": "https://registry.nlark.com/universalify/download/universalify-2.0.0.tgz",
      "integrity": "sha1-daSYTv7cSwiXXFrrc/Uw0C3yVxc="
    },
    "util-deprecate": {
      "version": "1.0.2",
      "resolved": "https://registry.nlark.com/util-deprecate/download/util-deprecate-1.0.2.tgz",
      "integrity": "sha1-RQ1Nyfpw3nMnYvvS1KKJgUGaDM8="
    },
    "yaml": {
      "version": "1.10.2",
      "resolved": "https://registry.nlark.com/yaml/download/yaml-1.10.2.tgz?cache=0&sync_timestamp=1626517509077&other_urls=https%3A%2F%2Fregistry.nlark.com%2Fyaml%2Fdownload%2Fyaml-1.10.2.tgz",
      "integrity": "sha1-IwHF/78StGfejaIzOkWeKeeSDks="
    }
  }
}
